
Microsoft Visual Studio Solution File, Format Version 12.00
# Visual Studio Version 16
VisualStudioVersion = 16.0.30011.22
MinimumVisualStudioVersion = 10.0.40219.1
Project("{FAE04EC0-301F-11D3-BF4B-00C04F79EFBC}") = "AriasMariano_2D_SP", "AriasMariano_2D_SP\AriasMariano_2D_SP.csproj", "{41D00513-95FD-4E86-B58A-9969958080EF}"
EndProject
Project("{FAE04EC0-301F-11D3-BF4B-00C04F79EFBC}") = "Entidades", "Entidades\Entidades.csproj", "{2F5E4CA2-8A8C-476E-953C-695DBFE85593}"
EndProject
Project("{FAE04EC0-301F-11D3-BF4B-00C04F79EFBC}") = "UnitTestProject", "UnitTestProject\UnitTestProject.csproj", "{197FD90E-3F0F-43E1-9392-E41908155F6B}"
EndProject
Project("{FAE04EC0-301F-11D3-BF4B-00C04F79EFBC}") = "Excepciones", "Excepciones\Excepciones.csproj", "{48F6CE80-EBE2-41CF-95B6-CE527FB64660}"
EndProject
Global
	GlobalSection(SolutionConfigurationPlatforms) = preSolution
		Debug|Any CPU = Debug|Any CPU
		Release|Any CPU = Release|Any CPU
	EndGlobalSection
	GlobalSection(ProjectConfigurationPlatforms) = postSolution
		{41D00513-95FD-4E86-B58A-9969958080EF}.Debug|Any CPU.ActiveCfg = Debug|Any CPU
		{41D00513-95FD-4E86-B58A-9969958080EF}.Debug|Any CPU.Build.0 = Debug|Any CPU
		{41D00513-95FD-4E86-B58A-9969958080EF}.Release|Any CPU.ActiveCfg = Release|Any CPU
		{41D00513-95FD-4E86-B58A-9969958080EF}.Release|Any CPU.Build.0 = Release|Any CPU
		{2F5E4CA2-8A8C-476E-953C-695DBFE85593}.Debug|Any CPU.ActiveCfg = Debug|Any CPU
		{2F5E4CA2-8A8C-476E-953C-695DBFE85593}.Debug|Any CPU.Build.0 = Debug|Any CPU
		{2F5E4CA2-8A8C-476E-953C-695DBFE85593}.Release|Any CPU.ActiveCfg = Release|Any CPU
		{2F5E4CA2-8A8C-476E-953C-695DBFE85593}.Release|Any CPU.Build.0 = Release|Any CPU
		{197FD90E-3F0F-43E1-9392-E41908155F6B}.Debug|Any CPU.ActiveCfg = Debug|Any CPU
		{197FD90E-3F0F-43E1-9392-E41908155F6B}.Debug|Any CPU.Build.0 = Debug|Any CPU
		{197FD90E-3F0F-43E1-9392-E41908155F6B}.Release|Any CPU.ActiveCfg = Release|Any CPU
		{197FD90E-3F0F-43E1-9392-E41908155F6B}.Release|Any CPU.Build.0 = Release|Any CPU
		{48F6CE80-EBE2-41CF-95B6-CE527FB64660}.Debug|Any CPU.ActiveCfg = Debug|Any CPU
		{48F6CE80-EBE2-41CF-95B6-CE527FB64660}.Debug|Any CPU.Build.0 = Debug|Any CPU
		{48F6CE80-EBE2-41CF-95B6-CE527FB64660}.Release|Any CPU.ActiveCfg = Release|Any CPU
		{48F6CE80-EBE2-41CF-95B6-CE527FB64660}.Release|Any CPU.Build.0 = Release|Any CPU
	EndGlobalSection
	GlobalSection(SolutionProperties) = preSolution
		HideSolutionNode = FALSE
	EndGlobalSection
	GlobalSection(ExtensibilityGlobals) = postSolution
		SolutionGuid = {6C690776-8119-4F22-A13D-8C3790676291}
	EndGlobalSection
EndGlobal
